// !$*UTF8*$!
{
	archiveVersion = 1;
	classes = {
	};
	objectVersion = 77;
	objects = {

/* Begin PBXBuildFile section */
		0E8330D12E15E6A000952947 /* Config.plist in Resources */ = {isa = PBXBuildFile; fileRef = 0E8330CF2E15E65F00952947 /* Config.plist */; };
/* End PBXBuildFile section */

/* Begin PBXContainerItemProxy section */
		0EC89AD52E159E90008CBD84 /* PBXContainerItemProxy */ = {
			isa = PBXContainerItemProxy;
			containerPortal = 0EC89ABF2E159E8F008CBD84 /* Project object */;
			proxyType = 1;
			remoteGlobalIDString = 0EC89AC62E159E8F008CBD84;
			remoteInfo = DishView;
		};
		0EC89ADF2E159E90008CBD84 /* PBXContainerItemProxy */ = {
			isa = PBXContainerItemProxy;
			containerPortal = 0EC89ABF2E159E8F008CBD84 /* Project object */;
			proxyType = 1;
			remoteGlobalIDString = 0EC89AC62E159E8F008CBD84;
			remoteInfo = DishView;
		};
/* End PBXContainerItemProxy section */

/* Begin PBXFileReference section */
		0E8330CF2E15E65F00952947 /* Config.plist */ = {isa = PBXFileReference; lastKnownFileType = text.plist.xml; path = Config.plist; sourceTree = "<group>"; };
		0EC89AC72E159E8F008CBD84 /* DishView.app */ = {isa = PBXFileReference; explicitFileType = wrapper.application; includeInIndex = 0; path = DishView.app; sourceTree = BUILT_PRODUCTS_DIR; };
		0EC89AD42E159E90008CBD84 /* DishViewTests.xctest */ = {isa = PBXFileReference; explicitFileType = wrapper.cfbundle; includeInIndex = 0; path = DishViewTests.xctest; sourceTree = BUILT_PRODUCTS_DIR; };
		0EC89ADE2E159E90008CBD84 /* DishViewUITests.xctest */ = {isa = PBXFileReference; explicitFileType = wrapper.cfbundle; includeInIndex = 0; path = DishViewUITests.xctest; sourceTree = BUILT_PRODUCTS_DIR; };
/* End PBXFileReference section */

/* Begin PBXFileSystemSynchronizedRootGroup section */
		0EC89AC92E159E8F008CBD84 /* DishView */ = {
			isa = PBXFileSystemSynchronizedRootGroup;
			path = DishView;
			sourceTree = "<group>";
		};
		0EC89AD72E159E90008CBD84 /* DishViewTests */ = {
			isa = PBXFileSystemSynchronizedRootGroup;
			path = DishViewTests;
			sourceTree = "<group>";
		};
		0EC89AE12E159E90008CBD84 /* DishViewUITests */ = {
			isa = PBXFileSystemSynchronizedRootGroup;
			path = DishViewUITests;
			sourceTree = "<group>";
		};
/* End PBXFileSystemSynchronizedRootGroup section */

/* Begin PBXFrameworksBuildPhase section */
		0EC89AC42E159E8F008CBD84 /* Frameworks */ = {
			isa = PBXFrameworksBuildPhase;
			buildActionMask = 2147483647;
			files = (
			);
			runOnlyForDeploymentPostprocessing = 0;
		};
		0EC89AD12E159E90008CBD84 /* Frameworks */ = {
			isa = PBXFrameworksBuildPhase;
			buildActionMask = 2147483647;
			files = (
			);
			runOnlyForDeploymentPostprocessing = 0;
		};
		0EC89ADB2E159E90008CBD84 /* Frameworks */ = {
			isa = PBXFrameworksBuildPhase;
			buildActionMask = 2147483647;
			files = (
			);
			runOnlyForDeploymentPostprocessing = 0;
		};
/* End PBXFrameworksBuildPhase section */

/* Begin PBXGroup section */
		0EC89ABE2E159E8F008CBD84 = {
			isa = PBXGroup;
			children = (
				0EC89AC92E159E8F008CBD84 /* DishView */,
				0EC89AD72E159E90008CBD84 /* DishViewTests */,
				0EC89AE12E159E90008CBD84 /* DishViewUITests */,
				0EC89AC82E159E8F008CBD84 /* Products */,
				0E8330CF2E15E65F00952947 /* Config.plist */,
			);
			sourceTree = "<group>";
		};
		0EC89AC82E159E8F008CBD84 /* Products */ = {
			isa = PBXGroup;
			children = (
				0EC89AC72E159E8F008CBD84 /* DishView.app */,
				0EC89AD42E159E90008CBD84 /* DishViewTests.xctest */,
				0EC89ADE2E159E90008CBD84 /* DishViewUITests.xctest */,
			);
			name = Products;
			sourceTree = "<group>";
		};
/* End PBXGroup section */

/* Begin PBXNativeTarget section */
		0EC89AC62E159E8F008CBD84 /* DishView */ = {
			isa = PBXNativeTarget;
			buildConfigurationList = 0EC89AE82E159E90008CBD84 /* Build configuration list for PBXNativeTarget "DishView" */;
			buildPhases = (
				0EC89AC32E159E8F008CBD84 /* Sources */,
				0EC89AC42E159E8F008CBD84 /* Frameworks */,
				0EC89AC52E159E8F008CBD84 /* Resources */,
			);
			buildRules = (
			);
			dependencies = (
			);
			fileSystemSynchronizedGroups = (
				0EC89AC92E159E8F008CBD84 /* DishView */,
			);
			name = DishView;
			packageProductDependencies = (
			);
			productName = DishView;
			productReference = 0EC89AC72E159E8F008CBD84 /* DishView.app */;
			productType = "com.apple.product-type.application";
		};
		0EC89AD32E159E90008CBD84 /* DishViewTests */ = {
			isa = PBXNativeTarget;
			buildConfigurationList = 0EC89AEB2E159E90008CBD84 /* Build configuration list for PBXNativeTarget "DishViewTests" */;
			buildPhases = (
				0EC89AD02E159E90008CBD84 /* Sources */,
				0EC89AD12E159E90008CBD84 /* Frameworks */,
				0EC89AD22E159E90008CBD84 /* Resources */,
			);
			buildRules = (
			);
			dependencies = (
				0EC89AD62E159E90008CBD84 /* PBXTargetDependency */,
			);
			fileSystemSynchronizedGroups = (
				0EC89AD72E159E90008CBD84 /* DishViewTests */,
			);
			name = DishViewTests;
			packageProductDependencies = (
			);
			productName = DishViewTests;
			productReference = 0EC89AD42E159E90008CBD84 /* DishViewTests.xctest */;
			productType = "com.apple.product-type.bundle.unit-test";
		};
		0EC89ADD2E159E90008CBD84 /* DishViewUITests */ = {
			isa = PBXNativeTarget;
			buildConfigurationList = 0EC89AEE2E159E90008CBD84 /* Build configuration list for PBXNativeTarget "DishViewUITests" */;
			buildPhases = (
				0EC89ADA2E159E90008CBD84 /* Sources */,
				0EC89ADB2E159E90008CBD84 /* Frameworks */,
				0EC89ADC2E159E90008CBD84 /* Resources */,
			);
			buildRules = (
			);
			dependencies = (
				0EC89AE02E159E90008CBD84 /* PBXTargetDependency */,
			);
			fileSystemSynchronizedGroups = (
				0EC89AE12E159E90008CBD84 /* DishViewUITests */,
			);
			name = DishViewUITests;
			packageProductDependencies = (
			);
			productName = DishViewUITests;
			productReference = 0EC89ADE2E159E90008CBD84 /* DishViewUITests.xctest */;
			productType = "com.apple.product-type.bundle.ui-testing";
		};
/* End PBXNativeTarget section */

/* Begin PBXProject section */
		0EC89ABF2E159E8F008CBD84 /* Project object */ = {
			isa = PBXProject;
			attributes = {
				BuildIndependentTargetsInParallel = 1;
				LastSwiftUpdateCheck = 1640;
				LastUpgradeCheck = 1640;
				TargetAttributes = {
					0EC89AC62E159E8F008CBD84 = {
						CreatedOnToolsVersion = 16.4;
					};
					0EC89AD32E159E90008CBD84 = {
						CreatedOnToolsVersion = 16.4;
						TestTargetID = 0EC89AC62E159E8F008CBD84;
					};
					0EC89ADD2E159E90008CBD84 = {
						CreatedOnToolsVersion = 16.4;
						TestTargetID = 0EC89AC62E159E8F008CBD84;
					};
				};
			};
			buildConfigurationList = 0EC89AC22E159E8F008CBD84 /* Build configuration list for PBXProject "DishView" */;
			developmentRegion = en;
			hasScannedForEncodings = 0;
			knownRegions = (
				en,
				Base,
			);
			mainGroup = 0EC89ABE2E159E8F008CBD84;
			minimizedProjectReferenceProxies = 1;
			preferredProjectObjectVersion = 77;
			productRefGroup = 0EC89AC82E159E8F008CBD84 /* Products */;
			projectDirPath = "";
			projectRoot = "";
			targets = (
				0EC89AC62E159E8F008CBD84 /* DishView */,
				0EC89AD32E159E90008CBD84 /* DishViewTests */,
				0EC89ADD2E159E90008CBD84 /* DishViewUITests */,
			);
		};
/* End PBXProject section */

/* Begin PBXResourcesBuildPhase section */
		0EC89AC52E159E8F008CBD84 /* Resources */ = {
			isa = PBXResourcesBuildPhase;
			buildActionMask = 2147483647;
			files = (
				0E8330D12E15E6A000952947 /* Config.plist in Resources */,
			);
			runOnlyForDeploymentPostprocessing = 0;
		};
		0EC89AD22E159E90008CBD84 /* Resources */ = {
			isa = PBXResourcesBuildPhase;
			buildActionMask = 2147483647;
			files = (
			);
			runOnlyForDeploymentPostprocessing = 0;
		};
		0EC89ADC2E159E90008CBD84 /* Resources */ = {
			isa = PBXResourcesBuildPhase;
			buildActionMask = 2147483647;
			files = (
			);
			runOnlyForDeploymentPostprocessing = 0;
		};
/* End PBXResourcesBuildPhase section */

/* Begin PBXSourcesBuildPhase section */
		0EC89AC32E159E8F008CBD84 /* Sources */ = {
			isa = PBXSourcesBuildPhase;
			buildActionMask = 2147483647;
			files = (
			);
			runOnlyForDeploymentPostprocessing = 0;
		};
		0EC89AD02E159E90008CBD84 /* Sources */ = {
			isa = PBXSourcesBuildPhase;
			buildActionMask = 2147483647;
			files = (
			);
			runOnlyForDeploymentPostprocessing = 0;
		};
		0EC89ADA2E159E90008CBD84 /* Sources */ = {
			isa = PBXSourcesBuildPhase;
			buildActionMask = 2147483647;
			files = (
			);
			runOnlyForDeploymentPostprocessing = 0;
		};
/* End PBXSourcesBuildPhase section */

/* Begin PBXTargetDependency section */
		0EC89AD62E159E90008CBD84 /* PBXTargetDependency */ = {
			isa = PBXTargetDependency;
			target = 0EC89AC62E159E8F008CBD84 /* DishView */;
			targetProxy = 0EC89AD52E159E90008CBD84 /* PBXContainerItemProxy */;
		};
		0EC89AE02E159E90008CBD84 /* PBXTargetDependency */ = {
			isa = PBXTargetDependency;
			target = 0EC89AC62E159E8F008CBD84 /* DishView */;
			targetProxy = 0EC89ADF2E159E90008CBD84 /* PBXContainerItemProxy */;
		};
/* End PBXTargetDependency section */

/* Begin XCBuildConfiguration section */
		0EC89AE62E159E90008CBD84 /* Debug */ = {
			isa = XCBuildConfiguration;
			buildSettings = {
				ALWAYS_SEARCH_USER_PATHS = NO;
				ASSETCATALOG_COMPILER_GENERATE_SWIFT_ASSET_SYMBOL_EXTENSIONS = YES;
				CLANG_ANALYZER_NONNULL = YES;
				CLANG_ANALYZER_NUMBER_OBJECT_CONVERSION = YES_AGGRESSIVE;
				CLANG_CXX_LANGUAGE_STANDARD = "gnu++20";
				CLANG_ENABLE_MODULES = YES;
				CLANG_ENABLE_OBJC_ARC = YES;
				CLANG_ENABLE_OBJC_WEAK = YES;
				CLANG_WARN_BLOCK_CAPTURE_AUTORELEASING = YES;
				CLANG_WARN_BOOL_CONVERSION = YES;
				CLANG_WARN_COMMA = YES;
				CLANG_WARN_CONSTANT_CONVERSION = YES;
				CLANG_WARN_DEPRECATED_OBJC_IMPLEMENTATIONS = YES;
				CLANG_WARN_DIRECT_OBJC_ISA_USAGE = YES_ERROR;
				CLANG_WARN_DOCUMENTATION_COMMENTS = YES;
				CLANG_WARN_EMPTY_BODY = YES;
				CLANG_WARN_ENUM_CONVERSION = YES;
				CLANG_WARN_INFINITE_RECURSION = YES;
				CLANG_WARN_INT_CONVERSION = YES;
				CLANG_WARN_NON_LITERAL_NULL_CONVERSION = YES;
				CLANG_WARN_OBJC_IMPLICIT_RETAIN_SELF = YES;
				CLANG_WARN_OBJC_LITERAL_CONVERSION = YES;
				CLANG_WARN_OBJC_ROOT_CLASS = YES_ERROR;
				CLANG_WARN_QUOTED_INCLUDE_IN_FRAMEWORK_HEADER = YES;
				CLANG_WARN_RANGE_LOOP_ANALYSIS = YES;
				CLANG_WARN_STRICT_PROTOTYPES = YES;
				CLANG_WARN_SUSPICIOUS_MOVE = YES;
				CLANG_WARN_UNGUARDED_AVAILABILITY = YES_AGGRESSIVE;
				CLANG_WARN_UNREACHABLE_CODE = YES;
				CLANG_WARN__DUPLICATE_METHOD_MATCH = YES;
				COPY_PHASE_STRIP = NO;
				DEBUG_INFORMATION_FORMAT = dwarf;
				ENABLE_STRICT_OBJC_MSGSEND = YES;
				ENABLE_TESTABILITY = YES;
				ENABLE_USER_SCRIPT_SANDBOXING = YES;
				GCC_C_LANGUAGE_STANDARD = gnu17;
				GCC_DYNAMIC_NO_PIC = NO;
				GCC_NO_COMMON_BLOCKS = YES;
				GCC_OPTIMIZATION_LEVEL = 0;
				GCC_PREPROCESSOR_DEFINITIONS = (
					"DEBUG=1",
					"$(inherited)",
				);
				GCC_WARN_64_TO_32_BIT_CONVERSION = YES;
				GCC_WARN_ABOUT_RETURN_TYPE = YES_ERROR;
				GCC_WARN_UNDECLARED_SELECTOR = YES;
				GCC_WARN_UNINITIALIZED_AUTOS = YES_AGGRESSIVE;
				GCC_WARN_UNUSED_FUNCTION = YES;
				GCC_WARN_UNUSED_VARIABLE = YES;
				IPHONEOS_DEPLOYMENT_TARGET = 18.5;
				LOCALIZATION_PREFERS_STRING_CATALOGS = YES;
				MTL_ENABLE_DEBUG_INFO = INCLUDE_SOURCE;
				MTL_FAST_MATH = YES;
				ONLY_ACTIVE_ARCH = YES;
				SDKROOT = iphoneos;
				SWIFT_ACTIVE_COMPILATION_CONDITIONS = "DEBUG $(inherited)";
				SWIFT_OPTIMIZATION_LEVEL = "-Onone";
			};
			name = Debug;
		};
		0EC89AE72E159E90008CBD84 /* Release */ = {
			isa = XCBuildConfiguration;
			buildSettings = {
				ALWAYS_SEARCH_USER_PATHS = NO;
				ASSETCATALOG_COMPILER_GENERATE_SWIFT_ASSET_SYMBOL_EXTENSIONS = YES;
				CLANG_ANALYZER_NONNULL = YES;
				CLANG_ANALYZER_NUMBER_OBJECT_CONVERSION = YES_AGGRESSIVE;
				CLANG_CXX_LANGUAGE_STANDARD = "gnu++20";
				CLANG_ENABLE_MODULES = YES;
				CLANG_ENABLE_OBJC_ARC = YES;
				CLANG_ENABLE_OBJC_WEAK = YES;
				CLANG_WARN_BLOCK_CAPTURE_AUTORELEASING = YES;
				CLANG_WARN_BOOL_CONVERSION = YES;
				CLANG_WARN_COMMA = YES;
				CLANG_WARN_CONSTANT_CONVERSION = YES;
				CLANG_WARN_DEPRECATED_OBJC_IMPLEMENTATIONS = YES;
				CLANG_WARN_DIRECT_OBJC_ISA_USAGE = YES_ERROR;
				CLANG_WARN_DOCUMENTATION_COMMENTS = YES;
				CLANG_WARN_EMPTY_BODY = YES;
				CLANG_WARN_ENUM_CONVERSION = YES;
				CLANG_WARN_INFINITE_RECURSION = YES;
				CLANG_WARN_INT_CONVERSION = YES;
				CLANG_WARN_NON_LITERAL_NULL_CONVERSION = YES;
				CLANG_WARN_OBJC_IMPLICIT_RETAIN_SELF = YES;
				CLANG_WARN_OBJC_LITERAL_CONVERSION = YES;
				CLANG_WARN_OBJC_ROOT_CLASS = YES_ERROR;
				CLANG_WARN_QUOTED_INCLUDE_IN_FRAMEWORK_HEADER = YES;
				CLANG_WARN_RANGE_LOOP_ANALYSIS = YES;
				CLANG_WARN_STRICT_PROTOTYPES = YES;
				CLANG_WARN_SUSPICIOUS_MOVE = YES;
				CLANG_WARN_UNGUARDED_AVAILABILITY = YES_AGGRESSIVE;
				CLANG_WARN_UNREACHABLE_CODE = YES;
				CLANG_WARN__DUPLICATE_METHOD_MATCH = YES;
				COPY_PHASE_STRIP = NO;
				DEBUG_INFORMATION_FORMAT = "dwarf-with-dsym";
				ENABLE_NS_ASSERTIONS = NO;
				ENABLE_STRICT_OBJC_MSGSEND = YES;
				ENABLE_USER_SCRIPT_SANDBOXING = YES;
				GCC_C_LANGUAGE_STANDARD = gnu17;
				GCC_NO_COMMON_BLOCKS = YES;
				GCC_WARN_64_TO_32_BIT_CONVERSION = YES;
				GCC_WARN_ABOUT_RETURN_TYPE = YES_ERROR;
				GCC_WARN_UNDECLARED_SELECTOR = YES;
				GCC_WARN_UNINITIALIZED_AUTOS = YES_AGGRESSIVE;
				GCC_WARN_UNUSED_FUNCTION = YES;
				GCC_WARN_UNUSED_VARIABLE = YES;
				IPHONEOS_DEPLOYMENT_TARGET = 18.5;
				LOCALIZATION_PREFERS_STRING_CATALOGS = YES;
				MTL_ENABLE_DEBUG_INFO = NO;
				MTL_FAST_MATH = YES;
				SDKROOT = iphoneos;
				SWIFT_COMPILATION_MODE = wholemodule;
				VALIDATE_PRODUCT = YES;
			};
			name = Release;
		};
		0EC89AE92E159E90008CBD84 /* Debug */ = {
			isa = XCBuildConfiguration;
			buildSettings = {
				ASSETCATALOG_COMPILER_APPICON_NAME = AppIcon;
				ASSETCATALOG_COMPILER_GLOBAL_ACCENT_COLOR_NAME = AccentColor;
				CODE_SIGN_STYLE = Automatic;
				CURRENT_PROJECT_VERSION = 1;
				ENABLE_PREVIEWS = YES;
				GENERATE_INFOPLIST_FILE = YES;
				INFOPLIST_KEY_UIApplicationSceneManifest_Generation = YES;
				INFOPLIST_KEY_UIApplicationSupportsIndirectInputEvents = YES;
				INFOPLIST_KEY_UILaunchScreen_Generation = YES;
				INFOPLIST_KEY_UISupportedInterfaceOrientations_iPad = "UIInterfaceOrientationPortrait UIInterfaceOrientationPortraitUpsideDown UIInterfaceOrientationLandscapeLeft UIInterfaceOrientationLandscapeRight";
				INFOPLIST_KEY_UISupportedInterfaceOrientations_iPhone = "UIInterfaceOrientationPortrait UIInterfaceOrientationLandscapeLeft UIInterfaceOrientationLandscapeRight";
				LD_RUNPATH_SEARCH_PATHS = (
					"$(inherited)",
					"@executable_path/Frameworks",
				);
				MARKETING_VERSION = 1.0;
				PRODUCT_BUNDLE_IDENTIFIER = "Zoar-Mijo.DishView";
				PRODUCT_NAME = "$(TARGET_NAME)";
				SWIFT_EMIT_LOC_STRINGS = YES;
				SWIFT_VERSION = 5.0;
				TARGETED_DEVICE_FAMILY = "1,2";
			};
			name = Debug;
		};
		0EC89AEA2E159E90008CBD84 /* Release */ = {
			isa = XCBuildConfiguration;
			buildSettings = {
				ASSETCATALOG_COMPILER_APPICON_NAME = AppIcon;
				ASSETCATALOG_COMPILER_GLOBAL_ACCENT_COLOR_NAME = AccentColor;
				CODE_SIGN_STYLE = Automatic;
				CURRENT_PROJECT_VERSION = 1;
				ENABLE_PREVIEWS = YES;
				GENERATE_INFOPLIST_FILE = YES;
				INFOPLIST_KEY_UIApplicationSceneManifest_Generation = YES;
				INFOPLIST_KEY_UIApplicationSupportsIndirectInputEvents = YES;
				INFOPLIST_KEY_UILaunchScreen_Generation = YES;
				INFOPLIST_KEY_UISupportedInterfaceOrientations_iPad = "UIInterfaceOrientationPortrait UIInterfaceOrientationPortraitUpsideDown UIInterfaceOrientationLandscapeLeft UIInterfaceOrientationLandscapeRight";
				INFOPLIST_KEY_UISupportedInterfaceOrientations_iPhone = "UIInterfaceOrientationPortrait UIInterfaceOrientationLandscapeLeft UIInterfaceOrientationLandscapeRight";
				LD_RUNPATH_SEARCH_PATHS = (
					"$(inherited)",
					"@executable_path/Frameworks",
				);
				MARKETING_VERSION = 1.0;
				PRODUCT_BUNDLE_IDENTIFIER = "Zoar-Mijo.DishView";
				PRODUCT_NAME = "$(TARGET_NAME)";
				SWIFT_EMIT_LOC_STRINGS = YES;
				SWIFT_VERSION = 5.0;
				TARGETED_DEVICE_FAMILY = "1,2";
			};
			name = Release;
		};
		0EC89AEC2E159E90008CBD84 /* Debug */ = {
			isa = XCBuildConfiguration;
			buildSettings = {
				BUNDLE_LOADER = "$(TEST_HOST)";
				CODE_SIGN_STYLE = Automatic;
				CURRENT_PROJECT_VERSION = 1;
				GENERATE_INFOPLIST_FILE = YES;
				IPHONEOS_DEPLOYMENT_TARGET = 18.5;
				MARKETING_VERSION = 1.0;
				PRODUCT_BUNDLE_IDENTIFIER = "Zoar-Mijo.DishViewTests";
				PRODUCT_NAME = "$(TARGET_NAME)";
				SWIFT_EMIT_LOC_STRINGS = NO;
				SWIFT_VERSION = 5.0;
				TARGETED_DEVICE_FAMILY = "1,2";
				TEST_HOST = "$(BUILT_PRODUCTS_DIR)/DishView.app/$(BUNDLE_EXECUTABLE_FOLDER_PATH)/DishView";
			};
			name = Debug;
		};
		0EC89AED2E159E90008CBD84 /* Release */ = {
			isa = XCBuildConfiguration;
			buildSettings = {
				BUNDLE_LOADER = "$(TEST_HOST)";
				CODE_SIGN_STYLE = Automatic;
				CURRENT_PROJECT_VERSION = 1;
				GENERATE_INFOPLIST_FILE = YES;
				IPHONEOS_DEPLOYMENT_TARGET = 18.5;
				MARKETING_VERSION = 1.0;
				PRODUCT_BUNDLE_IDENTIFIER = "Zoar-Mijo.DishViewTests";
				PRODUCT_NAME = "$(TARGET_NAME)";
				SWIFT_EMIT_LOC_STRINGS = NO;
				SWIFT_VERSION = 5.0;
				TARGETED_DEVICE_FAMILY = "1,2";
				TEST_HOST = "$(BUILT_PRODUCTS_DIR)/DishView.app/$(BUNDLE_EXECUTABLE_FOLDER_PATH)/DishView";
			};
			name = Release;
		};
		0EC89AEF2E159E90008CBD84 /* Debug */ = {
			isa = XCBuildConfiguration;
			buildSettings = {
				CODE_SIGN_STYLE = Automatic;
				CURRENT_PROJECT_VERSION = 1;
				GENERATE_INFOPLIST_FILE = YES;
				MARKETING_VERSION = 1.0;
				PRODUCT_BUNDLE_IDENTIFIER = "Zoar-Mijo.DishViewUITests";
				PRODUCT_NAME = "$(TARGET_NAME)";
				SWIFT_EMIT_LOC_STRINGS = NO;
				SWIFT_VERSION = 5.0;
				TARGETED_DEVICE_FAMILY = "1,2";
				TEST_TARGET_NAME = DishView;
			};
			name = Debug;
		};
		0EC89AF02E159E90008CBD84 /* Release */ = {
			isa = XCBuildConfiguration;
			buildSettings = {
				CODE_SIGN_STYLE = Automatic;
				CURRENT_PROJECT_VERSION = 1;
				GENERATE_INFOPLIST_FILE = YES;
				MARKETING_VERSION = 1.0;
				PRODUCT_BUNDLE_IDENTIFIER = "Zoar-Mijo.DishViewUITests";
				PRODUCT_NAME = "$(TARGET_NAME)";
				SWIFT_EMIT_LOC_STRINGS = NO;
				SWIFT_VERSION = 5.0;
				TARGETED_DEVICE_FAMILY = "1,2";
				TEST_TARGET_NAME = DishView;
			};
			name = Release;
		};
/* End XCBuildConfiguration section */

/* Begin XCConfigurationList section */
		0EC89AC22E159E8F008CBD84 /* Build configuration list for PBXProject "DishView" */ = {
			isa = XCConfigurationList;
			buildConfigurations = (
				0EC89AE62E159E90008CBD84 /* Debug */,
				0EC89AE72E159E90008CBD84 /* Release */,
			);
			defaultConfigurationIsVisible = 0;
			defaultConfigurationName = Release;
		};
		0EC89AE82E159E90008CBD84 /* Build configuration list for PBXNativeTarget "DishView" */ = {
			isa = XCConfigurationList;
			buildConfigurations = (
				0EC89AE92E159E90008CBD84 /* Debug */,
				0EC89AEA2E159E90008CBD84 /* Release */,
			);
			defaultConfigurationIsVisible = 0;
			defaultConfigurationName = Release;
		};
		0EC89AEB2E159E90008CBD84 /* Build configuration list for PBXNativeTarget "DishViewTests" */ = {
			isa = XCConfigurationList;
			buildConfigurations = (
				0EC89AEC2E159E90008CBD84 /* Debug */,
				0EC89AED2E159E90008CBD84 /* Release */,
			);
			defaultConfigurationIsVisible = 0;
			defaultConfigurationName = Release;
		};
		0EC89AEE2E159E90008CBD84 /* Build configuration list for PBXNativeTarget "DishViewUITests" */ = {
			isa = XCConfigurationList;
			buildConfigurations = (
				0EC89AEF2E159E90008CBD84 /* Debug */,
				0EC89AF02E159E90008CBD84 /* Release */,
			);
			defaultConfigurationIsVisible = 0;
			defaultConfigurationName = Release;
		};
/* End XCConfigurationList section */
	};
	rootObject = 0EC89ABF2E159E8F008CBD84 /* Project object */;
}
